github.com/axiomhq/axiom-go v0.17.8 h1:QAAAs3aKXGGGU6n+usAdk/uKSLKy2+RKGD0iKzAb80k=
github.com/axiomhq/axiom-go v0.17.8/go.mod h1:N5n4fVnM1Qob33jnrLV+mE1MtuJHzci5GJjxLKiLK00=
github.com/cenkalti/backoff/v4 v4.3.0 h1:MyRJ/UdXutAwSAT+s3wNd7MfTIcy71VQueUuFK343L8=
github.com/cenkalti/backoff/v4 v4.3.0/go.mod h1:Y3VNntkOUPxTVeUxJ/G5vcM//AlwfmyYozVcomhLiZE=
github.com/coreos/go-systemd/v22 v22.5.0/go.mod h1:Y58oyj3AT4RCenI/lSvhwexgC+NSVTIJ3seZv2GcEnc=
github.com/davecgh/go-spew v1.1.1 h1:vj9j/u1bqnvCEfJOwUhtlOARqs3+rkHYY13jYWTU97c=
github.com/davecgh/go-spew v1.1.1/go.mod h1:J7Y8YcW2NihsgmVo/mv3lAwl/skON4iLHjSsI+c5H38=
github.com/felixge/httpsnoop v1.0.4 h1:NFTV2Zj1bL4mc9sqWACXbQFVBBg2W3GPvqp8/ESS2Wg=
github.com/felixge/httpsnoop v1.0.4/go.mod h1:m8KPJKqk1gH5J9DgRY2ASl2lWCfGKXixSwevea8zH2U=
github.com/go-logr/logr v1.2.2/go.mod h1:jdQByPbusPIv2/zmleS9BjJVeZ6kBagPoEUsqbVz/1A=
github.com/go-logr/logr v1.4.1 h1:pKouT5E8xu9zeFC39JXRDukb6JFQPXM5p5I91188VAQ=
github.com/go-logr/logr v1.4.1/go.mod h1:9T104GzyrTigFIr8wt5mBrctHMim0Nb2HLGrmQ40KvY=
github.com/go-logr/stdr v1.2.2 h1:hSWxHoqTgW2S2qGc0LTAI563KZ5YKYRhT3MFKZMbjag=
github.com/go-logr/stdr v1.2.2/go.mod h1:mMo/vtBO5dYbehREoey6XUKy/eSumjCCveDpRre4VKE=
github.com/godbus/dbus/v5 v5.0.4/go.mod h1:xhWf0FNVPg57R7Z0UbKHbJfkEywrmjJnf7w5xrFpKfA=
github.com/google/go-cmp v0.5.2/go.mod h1:v8dTdLbMG2kIc/vJvl+f65V22dbkXbowE6jgT/gNBxE=
github.com/google/go-cmp v0.6.0 h1:ofyhxvXcZhMsU5ulbFiLKl/XBFqE1GSq7atu8tAmTRI=
github.com/google/go-cmp v0.6.0/go.mod h1:17dUlkBOakJ0+DkrSSNjCkIjxS6bF9zb3elmeNGIjoY=
github.com/google/go-querystring v1.1.0 h1:AnCroh3fv4ZBgVIf1Iwtovgjaw/GiKJo8M8yD/fhyJ8=
github.com/google/go-querystring v1.1.0/go.mod h1:Kcdr2DB4koayq7X8pmAG4sNG59So17icRSOU623lUBU=
github.com/grpc-ecosystem/grpc-gateway/v2 v2.19.1 h1:/c3QmbOGMGTOumP2iT/rCwB7b0QDGLKzqOmktBjT+Is=
github.com/grpc-ecosystem/grpc-gateway/v2 v2.19.1/go.mod h1:5SN9VR2LTsRFsrEC6FHgRbTWrTHu6tqPeKxEQv15giM=
github.com/klauspost/compress v1.17.8 h1:YcnTYrq7MikUT7k0Yb5eceMmALQPYBW/Xltxn0NAMnU=
github.com/klauspost/compress v1.17.8/go.mod h1:Di0epgTjJY877eYKx5yC51cX2A2Vl2ibi7bDH9ttBbw=
github.com/mattn/go-colorable v0.1.13 h1:fFA4WZxdEF4tXPZVKMLwD8oUnCTTo08duU7wxecdEvA=
github.com/mattn/go-colorable v0.1.13/go.mod h1:7S9/ev0klgBDR4GtXTXX8a3vIGJpMovkB8vQcUbaXHg=
github.com/mattn/go-isatty v0.0.16/go.mod h1:kYGgaQfpe5nmfYZH+SKPsOc2e4SrIfOl2e/yFXSvRLM=
github.com/mattn/go-isatty v0.0.19/go.mod h1:W+V8PltTTMOvKvAeJH7IuucS94S2C6jfK/D7dTCTo3Y=
github.com/mattn/go-isatty v0.0.20 h1:xfD0iDuEKnDkl03q4limB+vH+GxLEtL/jb4xVJSWWEY=
github.com/mattn/go-isatty v0.0.20/go.mod h1:W+V8PltTTMOvKvAeJH7IuucS94S2C6jfK/D7dTCTo3Y=
github.com/pkg/errors v0.9.1/go.mod h1:bwawxfHBFNV+L2hUp1rHADufV3IMtnDRdf1r5NINEl0=
github.com/pmezard/go-difflib v1.0.0 h1:4DBwDE0NGyQoBHbLQYPwSUPoCMWR5BEzIk/f1lZbAQM=
github.com/pmezard/go-difflib v1.0.0/go.mod h1:iKH77koFhYxTK1pcRnkKkqfTogsbg7gZNVY4sRDYZ/4=
github.com/rs/xid v1.5.0/go.mod h1:trrq9SKmegXys3aeAKXMUTdJsYXVwGY3RLcfgqegfbg=
github.com/rs/zerolog v1.33.0 h1:1cU2KZkvPxNyfgEmhHAz/1A9Bz+llsdYzklWFzgp0r8=
github.com/rs/zerolog v1.33.0/go.mod h1:/7mN4D5sKwJLZQ2b/znpjC3/GQWY/xaDXUM0kKWRHss=
github.com/stretchr/testify v1.9.0 h1:HtqpIVDClZ4nwg75+f6Lvsy/wHu+3BoSGCbBAcpTsTg=
github.com/stretchr/testify v1.9.0/go.mod h1:r2ic/lqez/lEtzL7wO/rwa5dbSLXVDPFyf8C91i36aY=
github.com/tidwall/gjson v1.14.4 h1:uo0p8EbA09J7RQaflQ1aBRffTR7xedD2bcIVSYxLnkM=
github.com/tidwall/gjson v1.14.4/go.mod h1:/wbyibRr2FHMks5tjHJ5F8dMZh3AcwJEMf5vlfC0lxk=
github.com/tidwall/match v1.1.1 h1:+Ho715JplO36QYgwN9PGYNhgZvoUSc9X2c80KVTi+GA=
github.com/tidwall/match v1.1.1/go.mod h1:eRSPERbgtNPcGhD8UCthc6PmLEQXEWd3PRB5JTxsfmM=
github.com/tidwall/pretty v1.2.0 h1:RWIZEg2iJ8/g6fDDYzMpobmaoGh5OLl4AXtGUGPcqCs=
github.com/tidwall/pretty v1.2.0/go.mod h1:ITEVvHYasfjBbM0u2Pg8T2nJnzm8xPwvNhhsoaGGjNU=
github.com/tidwall/sjson v1.2.5 h1:kLy8mja+1c9jlljvWTlSazM7cKDRfJuR/bOJhcY5NcY=
github.com/tidwall/sjson v1.2.5/go.mod h1:Fvgq9kS/6ociJEDnK0Fk1cpYF4FIW6ZF7LAe+6jwd28=
go.opentelemetry.io/contrib/instrumentation/net/http/httptrace/otelhttptrace v0.51.0 h1:974XTyIwHI4nHa1+uSLxHtUnlJ2DiVtAJjk7fd07p/8=
go.opentelemetry.io/contrib/instrumentation/net/http/httptrace/otelhttptrace v0.51.0/go.mod h1:ZvX/taFlN6TGaOOM6D42wrNwPKUV1nGO2FuUXkityBU=
go.opentelemetry.io/contrib/instrumentation/net/http/otelhttp v0.51.0 h1:Xs2Ncz0gNihqu9iosIZ5SkBbWo5T8JhhLJFMQL1qmLI=
go.opentelemetry.io/contrib/instrumentation/net/http/otelhttp v0.51.0/go.mod h1:vy+2G/6NvVMpwGX/NyLqcC41fxepnuKHk16E6IZUcJc=
go.opentelemetry.io/otel v1.26.0 h1:LQwgL5s/1W7YiiRwxf03QGnWLb2HW4pLiAhaA5cZXBs=
go.opentelemetry.io/otel v1.26.0/go.mod h1:UmLkJHUAidDval2EICqBMbnAd0/m2vmpf/dAM+fvFs4=
go.opentelemetry.io/otel/exporters/otlp/otlptrace v1.26.0 h1:1u/AyyOqAWzy+SkPxDpahCNZParHV8Vid1RnI2clyDE=
go.opentelemetry.io/otel/exporters/otlp/otlptrace v1.26.0/go.mod h1:z46paqbJ9l7c9fIPCXTqTGwhQZ5XoTIsfeFYWboizjs=
go.opentelemetry.io/otel/exporters/otlp/otlptrace/otlptracehttp v1.26.0 h1:1wp/gyxsuYtuE/JFxsQRtcCDtMrO2qMvlfXALU5wkzI=
go.opentelemetry.io/otel/exporters/otlp/otlptrace/otlptracehttp v1.26.0/go.mod h1:gbTHmghkGgqxMomVQQMur1Nba4M0MQ8AYThXDUjsJ38=
go.opentelemetry.io/otel/metric v1.26.0 h1:7S39CLuY5Jgg9CrnA9HHiEjGMF/X2VHvoXGgSllRz30=
go.opentelemetry.io/otel/metric v1.26.0/go.mod h1:SY+rHOI4cEawI9a7N1A4nIg/nTQXe1ccCNWYOJUrpX4=
go.opentelemetry.io/otel/sdk v1.26.0 h1:Y7bumHf5tAiDlRYFmGqetNcLaVUZmh4iYfmGxtmz7F8=
go.opentelemetry.io/otel/sdk v1.26.0/go.mod h1:0p8MXpqLeJ0pzcszQQN4F0S5FVjBLgypeGSngLsmirs=
go.opentelemetry.io/otel/trace v1.26.0 h1:1ieeAUb4y0TE26jUFrCIXKpTuVK7uJGN9/Z/2LP5sQA=
go.opentelemetry.io/otel/trace v1.26.0/go.mod h1:4iDxvGDQuUkHve82hJJ8UqrwswHYsZuWCBllGV2U2y0=
go.opentelemetry.io/proto/otlp v1.2.0 h1:pVeZGk7nXDC9O2hncA6nHldxEjm6LByfA2aN8IOkz94=
go.opentelemetry.io/proto/otlp v1.2.0/go.mod h1:gGpR8txAl5M03pDhMC79G6SdqNV26naRm/KDsgaHD8A=
golang.org/x/net v0.25.0 h1:d/OCCoBEUq33pjydKrGQhw7IlUPI2Oylr+8qLx49kac=
golang.org/x/net v0.25.0/go.mod h1:JkAGAh7GEvH74S6FOH42FLoXpXbE/aqXSrIQjXgsiwM=
golang.org/x/sys v0.0.0-20220811171246-fbc7d0a398ab/go.mod h1:oPkhp1MJrh7nUepCBck5+mAzfO9JrbApNNgaTdGDITg=
golang.org/x/sys v0.6.0/go.mod h1:oPkhp1MJrh7nUepCBck5+mAzfO9JrbApNNgaTdGDITg=
golang.org/x/sys v0.12.0/go.mod h1:oPkhp1MJrh7nUepCBck5+mAzfO9JrbApNNgaTdGDITg=
golang.org/x/sys v0.20.0 h1:Od9JTbYCk261bKm4M/mw7AklTlFYIa0bIp9BgSm1S8Y=
golang.org/x/sys v0.20.0/go.mod h1:/VUhepiaJMQUp4+oa/7Zr1D23ma6VTLIYjOOTFZPUcA=
golang.org/x/text v0.15.0 h1:h1V/4gjBv8v9cjcR6+AR5+/cIYK5N/WAgiv4xlsEtAk=
golang.org/x/text v0.15.0/go.mod h1:18ZOQIKpY8NJVqYksKHtTdi31H5itFRjB5/qKTNYzSU=
golang.org/x/xerrors v0.0.0-20191204190536-9bdfabe68543/go.mod h1:I/5z698sn9Ka8TeJc9MKroUUfqBBauWjQqLJ2OPfmY0=
google.golang.org/genproto/googleapis/api v0.0.0-20240227224415-6ceb2ff114de h1:jFNzHPIeuzhdRwVhbZdiym9q0ory/xY3sA+v2wPg8I0=
google.golang.org/genproto/googleapis/api v0.0.0-20240227224415-6ceb2ff114de/go.mod h1:5iCWqnniDlqZHrd3neWVTOwvh/v6s3232omMecelax8=
google.golang.org/genproto/googleapis/rpc v0.0.0-20240401170217-c3f982113cda h1:LI5DOvAxUPMv/50agcLLoo+AdWc1irS9Rzz4vPuD1V4=
google.golang.org/genproto/googleapis/rpc v0.0.0-20240401170217-c3f982113cda/go.mod h1:WtryC6hu0hhx87FDGxWCDptyssuo68sk10vYjF+T9fY=
google.golang.org/grpc v1.63.2 h1:MUeiw1B2maTVZthpU5xvASfTh3LDbxHd6IJ6QQVU+xM=
google.golang.org/grpc v1.63.2/go.mod h1:WAX/8DgncnokcFUldAxq7GeB5DXHDbMF+lLvDomNkRA=
google.golang.org/protobuf v1.33.0 h1:uNO2rsAINq/JlFpSdYEKIZ0uKD/R9cpdv0T+yoGwGmI=
google.golang.org/protobuf v1.33.0/go.mod h1:c6P6GXX6sHbq/GpV6MGZEdwhWPcYBgnhAHhKbcUYpos=
gopkg.in/yaml.v3 v3.0.1 h1:fxVm/GzAzEWqLHuvctI91KS9hhNmmWOoWu0XTYJS7CA=
gopkg.in/yaml.v3 v3.0.1/go.mod h1:K4uyk7z7BCEPqu6E+C64Yfv1cQ7kz7rIZviUmN+EgEM=
