# Generated by buf. DO NOT EDIT.
version: v2
deps:
  - name: buf.build/bufbuild/protovalidate
    commit: 511051f7f4374c3ca873b53ae68a9288
    digest: b5:a4a2d4d808a25984cced60769c822c5d496ef0b740f56ac0c9e6b97aaa25b86a9332a00ffd74e0cd202be29e91bd3edfb0bf2ba4dacfe48ff2d8217f9986e3c8
  - name: buf.build/protocolbuffers/wellknowntypes
    commit: d4f14e5e0a9c40889c90d373c74e95eb
    digest: b5:39b4d0887abcd8ee1594086283f4120f688e1c33ec9ccd554ab0362ad9ad482154d0e07e3787d394bb22970930b452aac1c5c105c05efe129cec299ff5b5e05e
  - name: buf.build/restatedev/sdk-go
    commit: 6aab7f0965be4736bb05d8b46e664243
    digest: b5:5667d9194c3f0751dcc1fe1ad1be8d71383c26a018c22dd0da05d8ae455edf9e55eab205b70227fabff26bac5cd8b577f9e61de246d1f12a64e4335356d4a6e4
