# Generated by buf. DO NOT EDIT.
version: v2
deps:
  - name: buf.build/bufbuild/protovalidate
    commit: 435963d1631043e694e56e6bcc3c79c3
    digest: b5:f4ea07ad2dd94bd7243562f9908b9fb104feef8076040c89d9f7c1dedc074de4d4ce2b997686ef4400f3eccb765a7cfc20ed4acdd70b9a3699351245c61dba97
  - name: buf.build/protocolbuffers/wellknowntypes
    commit: d4f14e5e0a9c40889c90d373c74e95eb
    digest: b5:39b4d0887abcd8ee1594086283f4120f688e1c33ec9ccd554ab0362ad9ad482154d0e07e3787d394bb22970930b452aac1c5c105c05efe129cec299ff5b5e05e
  - name: buf.build/restatedev/sdk-go
    commit: 6aab7f0965be4736bb05d8b46e664243
    digest: b5:5667d9194c3f0751dcc1fe1ad1be8d71383c26a018c22dd0da05d8ae455edf9e55eab205b70227fabff26bac5cd8b577f9e61de246d1f12a64e4335356d4a6e4
