speakeasyVersion: 1.790.3
sources: {}
targets:
    api-ts:
        source: api
workflow:
    workflowVersion: 1.0.0
    speakeasyVersion: pinned
    sources:
        api:
            inputs:
                - location: ../../../svc/api/openapi/openapi-generated.yaml
    targets:
        api-ts:
            target: typescript
            source: api
            output: ./.speakeasy/staging/api-ts
