lockVersion: 2.0.0
id: 500bfa7d-741f-42f0-bc78-aa976c2c6a06
management:
  docChecksum: a715ffbc95c5418289d86dc35921e0e8
  docVersion: 1.0.0
  speakeasyVersion: 1.286.0
  generationVersion: 2.326.3
  releaseVersion: 0.1.0
  configChecksum: f5140df0600ca5110835fee05ddea64a
  repoURL: https://github.com/unkeyed/unkey.git
  repoSubDirectory: sdks/golang
  installationURL: https://github.com/unkeyed/unkey/sdks/golang
features:
  go:
    additionalDependencies: 0.1.0
    constsAndDefaults: 0.1.4
    core: 3.4.7
    deprecations: 2.81.1
    globalSecurity: 2.82.9
    globalSecurityCallbacks: 0.1.0
    globalSecurityFlattening: 0.1.0
    globalServerURLs: 2.82.2
    intellisenseMarkdownSupport: 0.1.0
    nullables: 0.1.0
    responseFormat: 0.1.1
    sdkHooks: 0.1.0
generatedFiles:
  - liveness.go
  - keys.go
  - apis.go
  - ratelimits.go
  - migrations.go
  - unkey.go
  - go.mod
  - models/sdkerrors/sdkerror.go
  - types/bigint.go
  - types/date.go
  - types/datetime.go
  - types/decimal.go
  - types/pointers.go
  - internal/utils/contenttype.go
  - internal/utils/form.go
  - internal/utils/headers.go
  - internal/utils/json.go
  - internal/utils/pathparams.go
  - internal/utils/queryparams.go
  - internal/utils/requestbody.go
  - internal/utils/retries.go
  - internal/utils/security.go
  - internal/utils/utils.go
  - /models/operations/createapi.go
  - /models/operations/deleteapi.go
  - /models/operations/deprecatedcreatekey.go
  - /models/operations/deprecatedverifykey.go
  - /models/operations/deprecatedlistkeys.go
  - /models/operations/v1liveness.go
  - /models/operations/getkey.go
  - /models/operations/deletekey.go
  - /models/operations/createkey.go
  - /models/operations/updatekey.go
  - /models/operations/updateremaining.go
  - /models/operations/getverifications.go
  - /models/operations/getapi.go
  - /models/operations/listkeys.go
  - /models/operations/limit.go
  - /models/operations/v1migrationscreatekeys.go
  - /models/sdkerrors/errbadrequest.go
  - /models/sdkerrors/errunauthorized.go
  - /models/sdkerrors/errforbidden.go
  - /models/sdkerrors/errnotfound.go
  - /models/sdkerrors/errconflict.go
  - /models/sdkerrors/errtoomanyrequests.go
  - /models/sdkerrors/errinternalservererror.go
  - /models/components/key.go
  - /models/components/v1keysverifykeyresponse.go
  - /models/components/v1keysverifykeyrequest.go
  - /models/components/security.go
  - docs/models/operations/createapirequestbody.md
  - docs/models/operations/createapiresponsebody.md
  - docs/models/operations/deleteapirequestbody.md
  - docs/models/operations/deleteapiresponsebody.md
  - docs/models/operations/deprecatedcreatekeytype.md
  - docs/models/operations/deprecatedcreatekeyratelimit.md
  - docs/models/operations/deprecatedcreatekeyrequestbody.md
  - docs/models/operations/deprecatedcreatekeyresponsebody.md
  - docs/models/operations/deprecatedverifykeyrequestbody.md
  - docs/models/operations/deprecatedverifykeyratelimit.md
  - docs/models/operations/code.md
  - docs/models/operations/deprecatedverifykeyresponsebody.md
  - docs/models/operations/deprecatedlistkeysrequest.md
  - docs/models/operations/deprecatedlistkeysresponsebody.md
  - docs/models/operations/services.md
  - docs/models/operations/v1livenessresponsebody.md
  - docs/models/operations/getkeyrequest.md
  - docs/models/operations/deletekeyrequestbody.md
  - docs/models/operations/deletekeyresponsebody.md
  - docs/models/operations/interval.md
  - docs/models/operations/refill.md
  - docs/models/operations/type.md
  - docs/models/operations/ratelimit.md
  - docs/models/operations/createkeyrequestbody.md
  - docs/models/operations/createkeyresponsebody.md
  - docs/models/operations/updatekeytype.md
  - docs/models/operations/updatekeyratelimit.md
  - docs/models/operations/updatekeyinterval.md
  - docs/models/operations/updatekeyrefill.md
  - docs/models/operations/updatekeyrequestbody.md
  - docs/models/operations/updatekeyresponsebody.md
  - docs/models/operations/op.md
  - docs/models/operations/updateremainingrequestbody.md
  - docs/models/operations/updateremainingresponsebody.md
  - docs/models/operations/granularity.md
  - docs/models/operations/getverificationsrequest.md
  - docs/models/operations/verifications.md
  - docs/models/operations/getverificationsresponsebody.md
  - docs/models/operations/getapirequest.md
  - docs/models/operations/getapiresponsebody.md
  - docs/models/operations/listkeysrequest.md
  - docs/models/operations/listkeysresponsebody.md
  - docs/models/operations/resources.md
  - docs/models/operations/limitrequestbody.md
  - docs/models/operations/limitresponsebody.md
  - docs/models/operations/variant.md
  - docs/models/operations/hash.md
  - docs/models/operations/v1migrationscreatekeysinterval.md
  - docs/models/operations/v1migrationscreatekeysrefill.md
  - docs/models/operations/v1migrationscreatekeystype.md
  - docs/models/operations/v1migrationscreatekeysratelimit.md
  - docs/models/operations/requestbody.md
  - docs/models/operations/v1migrationscreatekeysresponsebody.md
  - docs/models/sdkerrors/code.md
  - docs/models/sdkerrors/error.md
  - docs/models/sdkerrors/errbadrequest.md
  - docs/models/sdkerrors/errunauthorizedcode.md
  - docs/models/sdkerrors/errunauthorizederror.md
  - docs/models/sdkerrors/errunauthorized.md
  - docs/models/sdkerrors/errforbiddencode.md
  - docs/models/sdkerrors/errforbiddenerror.md
  - docs/models/sdkerrors/errforbidden.md
  - docs/models/sdkerrors/errnotfoundcode.md
  - docs/models/sdkerrors/errnotfounderror.md
  - docs/models/sdkerrors/errnotfound.md
  - docs/models/sdkerrors/errconflictcode.md
  - docs/models/sdkerrors/errconflicterror.md
  - docs/models/sdkerrors/errconflict.md
  - docs/models/sdkerrors/errtoomanyrequestscode.md
  - docs/models/sdkerrors/errtoomanyrequestserror.md
  - docs/models/sdkerrors/errtoomanyrequests.md
  - docs/models/sdkerrors/errinternalservererrorcode.md
  - docs/models/sdkerrors/errinternalservererrorerror.md
  - docs/models/sdkerrors/errinternalservererror.md
  - docs/models/components/interval.md
  - docs/models/components/refill.md
  - docs/models/components/type.md
  - docs/models/components/ratelimit.md
  - docs/models/components/key.md
  - docs/models/components/v1keysverifykeyresponseratelimit.md
  - docs/models/components/code.md
  - docs/models/components/v1keysverifykeyresponse.md
  - docs/models/components/permissions.md
  - docs/models/components/authorization.md
  - docs/models/components/v1keysverifykeyrequestratelimit.md
  - docs/models/components/v1keysverifykeyrequest.md
  - docs/models/components/security.md
  - docs/sdks/unkey/README.md
  - docs/sdks/liveness/README.md
  - docs/sdks/keys/README.md
  - docs/sdks/apis/README.md
  - docs/sdks/ratelimits/README.md
  - docs/sdks/migrations/README.md
  - USAGE.md
  - .gitattributes
  - internal/hooks/hooks.go
