lockVersion: 2.0.0
id: 500bfa7d-741f-42f0-bc78-aa976c2c6a06
management:
  docChecksum: 4d594a37f429cd3b53e449ef52c7b688
  docVersion: 1.0.0
  speakeasyVersion: 1.285.6
  generationVersion: 2.326.3
  releaseVersion: 0.0.1
  configChecksum: 4632233534ab571703e31d9ee5585b29
features:
  go:
    additionalDependencies: 0.1.0
    constsAndDefaults: 0.1.4
    core: 3.4.7
    flattening: 2.81.1
    globalSecurity: 2.82.9
    globalSecurityCallbacks: 0.1.0
    globalSecurityFlattening: 0.1.0
    globalServerURLs: 2.82.2
    intellisenseMarkdownSupport: 0.1.0
    nullables: 0.1.0
    responseFormat: 0.1.1
    sdkHooks: 0.1.0
generatedFiles:
  - liveness.go
  - keys.go
  - apis.go
  - ratelimits.go
  - migrations.go
  - unkey.go
  - go.mod
  - models/sdkerrors/sdkerror.go
  - types/bigint.go
  - types/date.go
  - types/datetime.go
  - types/decimal.go
  - types/pointers.go
  - internal/utils/contenttype.go
  - internal/utils/form.go
  - internal/utils/headers.go
  - internal/utils/json.go
  - internal/utils/pathparams.go
  - internal/utils/queryparams.go
  - internal/utils/requestbody.go
  - internal/utils/retries.go
  - internal/utils/security.go
  - internal/utils/utils.go
  - /models/operations/v1apiscreateapi.go
  - /models/operations/v1apsisdeleteapi.go
  - /models/operations/postv1keys.go
  - /models/operations/postv1keysverify.go
  - /models/operations/getv1apisapiidkeys.go
  - /models/operations/v1liveness.go
  - /models/operations/v1keysgetkey.go
  - /models/operations/v1keysdeletekey.go
  - /models/operations/v1keyscreatekey.go
  - /models/operations/v1keysverifykey.go
  - /models/operations/v1keysupdatekey.go
  - /models/operations/v1keysupdateremaining.go
  - /models/operations/v1keysgetverifications.go
  - /models/operations/v1apisgetapi.go
  - /models/operations/v1apislistkeys.go
  - /models/operations/v1ratelimitslimit.go
  - /models/operations/v1migrationscreatekeys.go
  - /models/components/httpmetadata.go
  - /models/components/key.go
  - /models/components/v1keysverifykeyresponse.go
  - /models/components/v1keysverifykeyrequest.go
  - /models/components/security.go
  - /models/sdkerrors/errbadrequest.go
  - /models/sdkerrors/errunauthorized.go
  - /models/sdkerrors/errforbidden.go
  - /models/sdkerrors/errnotfound.go
  - /models/sdkerrors/errconflict.go
  - /models/sdkerrors/errtoomanyrequests.go
  - /models/sdkerrors/errinternalservererror.go
  - docs/models/operations/v1apiscreateapirequestbody.md
  - docs/models/operations/v1apiscreateapiresponsebody.md
  - docs/models/operations/v1apiscreateapiresponse.md
  - docs/models/operations/v1apsisdeleteapirequestbody.md
  - docs/models/operations/v1apsisdeleteapiresponsebody.md
  - docs/models/operations/v1apsisdeleteapiresponse.md
  - docs/models/operations/postv1keystype.md
  - docs/models/operations/postv1keysratelimit.md
  - docs/models/operations/postv1keysrequestbody.md
  - docs/models/operations/postv1keysresponsebody.md
  - docs/models/operations/postv1keysresponse.md
  - docs/models/operations/postv1keysverifyrequestbody.md
  - docs/models/operations/postv1keysverifyratelimit.md
  - docs/models/operations/code.md
  - docs/models/operations/postv1keysverifyresponsebody.md
  - docs/models/operations/postv1keysverifyresponse.md
  - docs/models/operations/getv1apisapiidkeysrequest.md
  - docs/models/operations/getv1apisapiidkeysresponsebody.md
  - docs/models/operations/getv1apisapiidkeysresponse.md
  - docs/models/operations/services.md
  - docs/models/operations/v1livenessresponsebody.md
  - docs/models/operations/v1livenessresponse.md
  - docs/models/operations/v1keysgetkeyrequest.md
  - docs/models/operations/v1keysgetkeyresponse.md
  - docs/models/operations/v1keysdeletekeyrequestbody.md
  - docs/models/operations/v1keysdeletekeyresponsebody.md
  - docs/models/operations/v1keysdeletekeyresponse.md
  - docs/models/operations/interval.md
  - docs/models/operations/refill.md
  - docs/models/operations/type.md
  - docs/models/operations/ratelimit.md
  - docs/models/operations/v1keyscreatekeyrequestbody.md
  - docs/models/operations/v1keyscreatekeyresponsebody.md
  - docs/models/operations/v1keyscreatekeyresponse.md
  - docs/models/operations/v1keysverifykeyresponse.md
  - docs/models/operations/v1keysupdatekeytype.md
  - docs/models/operations/v1keysupdatekeyratelimit.md
  - docs/models/operations/v1keysupdatekeyinterval.md
  - docs/models/operations/v1keysupdatekeyrefill.md
  - docs/models/operations/v1keysupdatekeyrequestbody.md
  - docs/models/operations/v1keysupdatekeyresponsebody.md
  - docs/models/operations/v1keysupdatekeyresponse.md
  - docs/models/operations/op.md
  - docs/models/operations/v1keysupdateremainingrequestbody.md
  - docs/models/operations/v1keysupdateremainingresponsebody.md
  - docs/models/operations/v1keysupdateremainingresponse.md
  - docs/models/operations/granularity.md
  - docs/models/operations/v1keysgetverificationsrequest.md
  - docs/models/operations/verifications.md
  - docs/models/operations/v1keysgetverificationsresponsebody.md
  - docs/models/operations/v1keysgetverificationsresponse.md
  - docs/models/operations/v1apisgetapirequest.md
  - docs/models/operations/v1apisgetapiresponsebody.md
  - docs/models/operations/v1apisgetapiresponse.md
  - docs/models/operations/v1apislistkeysrequest.md
  - docs/models/operations/v1apislistkeysresponsebody.md
  - docs/models/operations/v1apislistkeysresponse.md
  - docs/models/operations/resources.md
  - docs/models/operations/v1ratelimitslimitrequestbody.md
  - docs/models/operations/v1ratelimitslimitresponsebody.md
  - docs/models/operations/v1ratelimitslimitresponse.md
  - docs/models/operations/variant.md
  - docs/models/operations/hash.md
  - docs/models/operations/v1migrationscreatekeysinterval.md
  - docs/models/operations/v1migrationscreatekeysrefill.md
  - docs/models/operations/v1migrationscreatekeystype.md
  - docs/models/operations/v1migrationscreatekeysratelimit.md
  - docs/models/operations/requestbody.md
  - docs/models/operations/v1migrationscreatekeysresponsebody.md
  - docs/models/operations/v1migrationscreatekeysresponse.md
  - docs/models/components/httpmetadata.md
  - docs/models/components/interval.md
  - docs/models/components/refill.md
  - docs/models/components/type.md
  - docs/models/components/ratelimit.md
  - docs/models/components/key.md
  - docs/models/components/v1keysverifykeyresponseratelimit.md
  - docs/models/components/code.md
  - docs/models/components/v1keysverifykeyresponse.md
  - docs/models/components/permissions.md
  - docs/models/components/authorization.md
  - docs/models/components/v1keysverifykeyrequestratelimit.md
  - docs/models/components/v1keysverifykeyrequest.md
  - docs/models/components/security.md
  - docs/models/sdkerrors/code.md
  - docs/models/sdkerrors/error.md
  - docs/models/sdkerrors/errbadrequest.md
  - docs/models/sdkerrors/errunauthorizedcode.md
  - docs/models/sdkerrors/errunauthorizederror.md
  - docs/models/sdkerrors/errunauthorized.md
  - docs/models/sdkerrors/errforbiddencode.md
  - docs/models/sdkerrors/errforbiddenerror.md
  - docs/models/sdkerrors/errforbidden.md
  - docs/models/sdkerrors/errnotfoundcode.md
  - docs/models/sdkerrors/errnotfounderror.md
  - docs/models/sdkerrors/errnotfound.md
  - docs/models/sdkerrors/errconflictcode.md
  - docs/models/sdkerrors/errconflicterror.md
  - docs/models/sdkerrors/errconflict.md
  - docs/models/sdkerrors/errtoomanyrequestscode.md
  - docs/models/sdkerrors/errtoomanyrequestserror.md
  - docs/models/sdkerrors/errtoomanyrequests.md
  - docs/models/sdkerrors/errinternalservererrorcode.md
  - docs/models/sdkerrors/errinternalservererrorerror.md
  - docs/models/sdkerrors/errinternalservererror.md
  - docs/sdks/unkey/README.md
  - docs/sdks/liveness/README.md
  - docs/sdks/keys/README.md
  - docs/sdks/apis/README.md
  - docs/sdks/ratelimits/README.md
  - docs/sdks/migrations/README.md
  - USAGE.md
  - .gitattributes
  - internal/hooks/hooks.go
