# @generated - this file is auto-generated by `mise lock` https://mise.en.dev/dev-tools/mise-lock.html

[[tools."aqua:stripe/stripe-cli"]]
version = "1.42.13"
backend = "aqua:stripe/stripe-cli"

[tools."aqua:stripe/stripe-cli"."platforms.linux-arm64"]
checksum = "sha256:fcf6aed6b6e13453889a73b76e16f62ad6bf523c839b656bfad05ef2958efd1a"
url = "https://github.com/stripe/stripe-cli/releases/download/v1.42.13/stripe_1.42.13_linux_arm64.tar.gz"

[tools."aqua:stripe/stripe-cli"."platforms.linux-arm64-musl"]
checksum = "sha256:fcf6aed6b6e13453889a73b76e16f62ad6bf523c839b656bfad05ef2958efd1a"
url = "https://github.com/stripe/stripe-cli/releases/download/v1.42.13/stripe_1.42.13_linux_arm64.tar.gz"

[tools."aqua:stripe/stripe-cli"."platforms.linux-x64"]
checksum = "sha256:c46b1f509badbcac743fc1244eaa3cf1505601272216d19b0d51da55a4ae6b9c"
url = "https://github.com/stripe/stripe-cli/releases/download/v1.42.13/stripe_1.42.13_linux_x86_64.tar.gz"

[tools."aqua:stripe/stripe-cli"."platforms.linux-x64-musl"]
checksum = "sha256:c46b1f509badbcac743fc1244eaa3cf1505601272216d19b0d51da55a4ae6b9c"
url = "https://github.com/stripe/stripe-cli/releases/download/v1.42.13/stripe_1.42.13_linux_x86_64.tar.gz"

[tools."aqua:stripe/stripe-cli"."platforms.macos-arm64"]
checksum = "sha256:2c8900ebb6fdb134d25b28628fd436d60c8b4243af83d8d159e9efcd589deeb6"
url = "https://github.com/stripe/stripe-cli/releases/download/v1.42.13/stripe_1.42.13_mac-os_arm64.tar.gz"

[tools."aqua:stripe/stripe-cli"."platforms.macos-x64"]
checksum = "sha256:4b420b0153694352576a84134e775cfabb41dca3ffaad8d47b0c9d6de9918a2e"
url = "https://github.com/stripe/stripe-cli/releases/download/v1.42.13/stripe_1.42.13_mac-os_x86_64.tar.gz"

[tools."aqua:stripe/stripe-cli"."platforms.windows-x64"]
checksum = "sha256:0d73c42c81effb53b2d568d4fe6740732bb5e19bda2a5820507f9d33a28a6f80"
url = "https://github.com/stripe/stripe-cli/releases/download/v1.42.13/stripe_1.42.13_windows_x86_64.zip"

[[tools."github:FiloSottile/mkcert"]]
version = "1.4.4"
backend = "github:FiloSottile/mkcert"

[tools."github:FiloSottile/mkcert"."platforms.linux-arm64"]
checksum = "sha256:b98f2cc69fd9147fe4d405d859c57504571adec0d3611c3eefd04107c7ac00d0"
url = "https://github.com/FiloSottile/mkcert/releases/download/v1.4.4/mkcert-v1.4.4-linux-arm64"
url_api = "https://api.github.com/repos/FiloSottile/mkcert/releases/assets/63709957"

[tools."github:FiloSottile/mkcert"."platforms.linux-arm64-musl"]
checksum = "sha256:b98f2cc69fd9147fe4d405d859c57504571adec0d3611c3eefd04107c7ac00d0"
url = "https://github.com/FiloSottile/mkcert/releases/download/v1.4.4/mkcert-v1.4.4-linux-arm64"
url_api = "https://api.github.com/repos/FiloSottile/mkcert/releases/assets/63709957"

[tools."github:FiloSottile/mkcert"."platforms.linux-x64"]
checksum = "sha256:6d31c65b03972c6dc4a14ab429f2928300518b26503f58723e532d1b0a3bbb52"
url = "https://github.com/FiloSottile/mkcert/releases/download/v1.4.4/mkcert-v1.4.4-linux-amd64"
url_api = "https://api.github.com/repos/FiloSottile/mkcert/releases/assets/63709955"

[tools."github:FiloSottile/mkcert"."platforms.linux-x64-musl"]
checksum = "sha256:6d31c65b03972c6dc4a14ab429f2928300518b26503f58723e532d1b0a3bbb52"
url = "https://github.com/FiloSottile/mkcert/releases/download/v1.4.4/mkcert-v1.4.4-linux-amd64"
url_api = "https://api.github.com/repos/FiloSottile/mkcert/releases/assets/63709955"

[tools."github:FiloSottile/mkcert"."platforms.macos-arm64"]
checksum = "sha256:c8af0df44bce04359794dad8ea28d750437411d632748049d08644ffb66a60c6"
url = "https://github.com/FiloSottile/mkcert/releases/download/v1.4.4/mkcert-v1.4.4-darwin-arm64"
url_api = "https://api.github.com/repos/FiloSottile/mkcert/releases/assets/63709954"

[tools."github:FiloSottile/mkcert"."platforms.macos-x64"]
checksum = "sha256:a32dfab51f1845d51e810db8e47dcf0e6b51ae3422426514bf5a2b8302e97d4e"
url = "https://github.com/FiloSottile/mkcert/releases/download/v1.4.4/mkcert-v1.4.4-darwin-amd64"
url_api = "https://api.github.com/repos/FiloSottile/mkcert/releases/assets/63709952"

[tools."github:FiloSottile/mkcert"."platforms.windows-x64"]
checksum = "sha256:d2660b50a9ed59eada480750561c96abc2ed4c9a38c6a24d93e30e0977631398"
url = "https://github.com/FiloSottile/mkcert/releases/download/v1.4.4/mkcert-v1.4.4-windows-amd64.exe"
url_api = "https://api.github.com/repos/FiloSottile/mkcert/releases/assets/63709958"

[[tools."github:bazelbuild/bazelisk"]]
version = "1.29.0"
backend = "github:bazelbuild/bazelisk"

[tools."github:bazelbuild/bazelisk"."platforms.linux-arm64"]
checksum = "sha256:e20e8b0f4f240091b7a55bf17b9398bd4f40ee70ae0208dff95dd4c445fb4010"
url = "https://github.com/bazelbuild/bazelisk/releases/download/v1.29.0/bazelisk-linux-arm64"
url_api = "https://api.github.com/repos/bazelbuild/bazelisk/releases/assets/406879161"

[tools."github:bazelbuild/bazelisk"."platforms.linux-arm64-musl"]
checksum = "sha256:e20e8b0f4f240091b7a55bf17b9398bd4f40ee70ae0208dff95dd4c445fb4010"
url = "https://github.com/bazelbuild/bazelisk/releases/download/v1.29.0/bazelisk-linux-arm64"
url_api = "https://api.github.com/repos/bazelbuild/bazelisk/releases/assets/406879161"

[tools."github:bazelbuild/bazelisk"."platforms.linux-x64"]
checksum = "sha256:5a408715e932c0250d28bd84555f12edbf70117de42f9181691c736eacc4a992"
url = "https://github.com/bazelbuild/bazelisk/releases/download/v1.29.0/bazelisk-linux-amd64"
url_api = "https://api.github.com/repos/bazelbuild/bazelisk/releases/assets/406879103"

[tools."github:bazelbuild/bazelisk"."platforms.linux-x64-musl"]
checksum = "sha256:5a408715e932c0250d28bd84555f12edbf70117de42f9181691c736eacc4a992"
url = "https://github.com/bazelbuild/bazelisk/releases/download/v1.29.0/bazelisk-linux-amd64"
url_api = "https://api.github.com/repos/bazelbuild/bazelisk/releases/assets/406879103"

[tools."github:bazelbuild/bazelisk"."platforms.macos-arm64"]
checksum = "sha256:cee851f726789227d5561004e9904a52be45c3efb56f8b38b6993d6adbaa0409"
url = "https://github.com/bazelbuild/bazelisk/releases/download/v1.29.0/bazelisk-darwin-arm64"
url_api = "https://api.github.com/repos/bazelbuild/bazelisk/releases/assets/406879037"

[tools."github:bazelbuild/bazelisk"."platforms.macos-x64"]
checksum = "sha256:16c3d7aa15323a9fb69f56c7ec5733ed18bedb786680d0ba13bb12a3c8083007"
url = "https://github.com/bazelbuild/bazelisk/releases/download/v1.29.0/bazelisk-darwin-amd64"
url_api = "https://api.github.com/repos/bazelbuild/bazelisk/releases/assets/406878970"

[tools."github:bazelbuild/bazelisk"."platforms.windows-x64"]
checksum = "sha256:092a8738d5b41aae7a85c42cc961b1034e3389aba43ffc20c0fabda7b43e095b"
url = "https://github.com/bazelbuild/bazelisk/releases/download/v1.29.0/bazelisk-windows-amd64.exe"
url_api = "https://api.github.com/repos/bazelbuild/bazelisk/releases/assets/406879211"

[[tools."github:bufbuild/buf"]]
version = "1.64.0"
backend = "github:bufbuild/buf"

[tools."github:bufbuild/buf"."platforms.linux-arm64"]
checksum = "sha256:209897ab67512d1053d9edd23c28f4698406c376c2bea04e235df1e088bc573a"
url = "https://github.com/bufbuild/buf/releases/download/v1.64.0/buf-Linux-aarch64.tar.gz"
url_api = "https://api.github.com/repos/bufbuild/buf/releases/assets/342895479"

[tools."github:bufbuild/buf"."platforms.linux-arm64-musl"]
checksum = "sha256:209897ab67512d1053d9edd23c28f4698406c376c2bea04e235df1e088bc573a"
url = "https://github.com/bufbuild/buf/releases/download/v1.64.0/buf-Linux-aarch64.tar.gz"
url_api = "https://api.github.com/repos/bufbuild/buf/releases/assets/342895479"

[tools."github:bufbuild/buf"."platforms.linux-x64"]
checksum = "sha256:e4d2aa7f83e00678a5d7a84949a566a477e9249df35fade57c61feafe3766fa4"
url = "https://github.com/bufbuild/buf/releases/download/v1.64.0/buf-Linux-x86_64.tar.gz"
url_api = "https://api.github.com/repos/bufbuild/buf/releases/assets/342895499"

[tools."github:bufbuild/buf"."platforms.linux-x64-musl"]
checksum = "sha256:e4d2aa7f83e00678a5d7a84949a566a477e9249df35fade57c61feafe3766fa4"
url = "https://github.com/bufbuild/buf/releases/download/v1.64.0/buf-Linux-x86_64.tar.gz"
url_api = "https://api.github.com/repos/bufbuild/buf/releases/assets/342895499"

[tools."github:bufbuild/buf"."platforms.macos-arm64"]
checksum = "sha256:d4e5b687b6271f20a0e2dde03b959fd052e00a5fad7810aa4611cc0d5ef56fa2"
url = "https://github.com/bufbuild/buf/releases/download/v1.64.0/buf-Darwin-arm64.tar.gz"
url_api = "https://api.github.com/repos/bufbuild/buf/releases/assets/342895472"

[tools."github:bufbuild/buf"."platforms.macos-x64"]
checksum = "sha256:7262a948a4c6fa4f4a9b685556e3f9f0b3e0fc5f6982016d91a36a6d59b12b9c"
url = "https://github.com/bufbuild/buf/releases/download/v1.64.0/buf-Darwin-x86_64.tar.gz"
url_api = "https://api.github.com/repos/bufbuild/buf/releases/assets/342895469"

[tools."github:bufbuild/buf"."platforms.windows-x64"]
checksum = "sha256:097b0ba51f424fc6811ea30ba3a0a70a75c457126ca09fa45cc5da4cfefcb26e"
url = "https://github.com/bufbuild/buf/releases/download/v1.64.0/buf-Windows-x86_64.zip"
url_api = "https://api.github.com/repos/bufbuild/buf/releases/assets/342895506"

[[tools."github:depot/cli"]]
version = "2.101.63"
backend = "github:depot/cli"

[tools."github:depot/cli"."platforms.linux-arm64"]
checksum = "sha256:a502cedd7355dc8933745a9b2e7cb4e6fa38ebe495ef2a2267b58aa560616aee"
url = "https://github.com/depot/cli/releases/download/v2.101.63/depot_2.101.63_linux_arm64.tar.gz"
url_api = "https://api.github.com/repos/depot/cli/releases/assets/424363700"

[tools."github:depot/cli"."platforms.linux-arm64-musl"]
checksum = "sha256:a502cedd7355dc8933745a9b2e7cb4e6fa38ebe495ef2a2267b58aa560616aee"
url = "https://github.com/depot/cli/releases/download/v2.101.63/depot_2.101.63_linux_arm64.tar.gz"
url_api = "https://api.github.com/repos/depot/cli/releases/assets/424363700"

[tools."github:depot/cli"."platforms.linux-x64"]
checksum = "sha256:79061de301bd71b41825ba541c1226b2bacd75b6382a8b69ab7f7f5b9b3976e2"
url = "https://github.com/depot/cli/releases/download/v2.101.63/depot_2.101.63_linux_amd64.tar.gz"
url_api = "https://api.github.com/repos/depot/cli/releases/assets/424363701"

[tools."github:depot/cli"."platforms.linux-x64-musl"]
checksum = "sha256:79061de301bd71b41825ba541c1226b2bacd75b6382a8b69ab7f7f5b9b3976e2"
url = "https://github.com/depot/cli/releases/download/v2.101.63/depot_2.101.63_linux_amd64.tar.gz"
url_api = "https://api.github.com/repos/depot/cli/releases/assets/424363701"

[tools."github:depot/cli"."platforms.macos-arm64"]
checksum = "sha256:7adc3625c1d10f10a673ee0502f33735e4e78d6ee75bf20d2542b9de97691b5c"
url = "https://github.com/depot/cli/releases/download/v2.101.63/depot_2.101.63_darwin_arm64.tar.gz"
url_api = "https://api.github.com/repos/depot/cli/releases/assets/424363697"

[tools."github:depot/cli"."platforms.macos-x64"]
checksum = "sha256:7166f178217380b7dd9d7c797ae2f828e2fe34632eb2f67f9a55e3a3746323e7"
url = "https://github.com/depot/cli/releases/download/v2.101.63/depot_2.101.63_darwin_amd64.tar.gz"
url_api = "https://api.github.com/repos/depot/cli/releases/assets/424363703"

[tools."github:depot/cli"."platforms.windows-x64"]
checksum = "sha256:a0a800ba3ba8ceab50b2a020b95888bbd59bed09bae310e0bff459b76c6f646e"
url = "https://github.com/depot/cli/releases/download/v2.101.63/depot_2.101.63_windows_amd64.zip"
url_api = "https://api.github.com/repos/depot/cli/releases/assets/424363705"

[[tools."github:dprint/dprint"]]
version = "0.51.1"
backend = "github:dprint/dprint"

[tools."github:dprint/dprint"."platforms.linux-arm64"]
checksum = "sha256:05a0df273453f099092967641462951fd26dcad282a564f91cc4ad16ea02d526"
url = "https://github.com/dprint/dprint/releases/download/0.51.1/dprint-aarch64-unknown-linux-gnu.zip"
url_api = "https://api.github.com/repos/dprint/dprint/releases/assets/333853241"

[tools."github:dprint/dprint"."platforms.linux-arm64-musl"]
checksum = "sha256:8cd2a46ff5d6940db5e708c9a5be8abc9f68e6324d6fd51c8977addd2188648a"
url = "https://github.com/dprint/dprint/releases/download/0.51.1/dprint-aarch64-unknown-linux-musl.zip"
url_api = "https://api.github.com/repos/dprint/dprint/releases/assets/333853242"

[tools."github:dprint/dprint"."platforms.linux-x64"]
checksum = "sha256:674c1f9fcdf8a564c26cc027e080d0c4758a40a566e04a776fc83c875ad51d45"
url = "https://github.com/dprint/dprint/releases/download/0.51.1/dprint-x86_64-unknown-linux-gnu.zip"
url_api = "https://api.github.com/repos/dprint/dprint/releases/assets/333853236"

[tools."github:dprint/dprint"."platforms.linux-x64-musl"]
checksum = "sha256:0bc7904de86cc70384a4d295902c69fc5239ed45ab19a7361216263d1a8cb572"
url = "https://github.com/dprint/dprint/releases/download/0.51.1/dprint-x86_64-unknown-linux-musl.zip"
url_api = "https://api.github.com/repos/dprint/dprint/releases/assets/333853243"

[tools."github:dprint/dprint"."platforms.macos-arm64"]
checksum = "sha256:cc1321a524d8e1312d376ce2c51343f43f8f5489c2e265f11aea5a6af4de52ad"
url = "https://github.com/dprint/dprint/releases/download/0.51.1/dprint-aarch64-apple-darwin.zip"
url_api = "https://api.github.com/repos/dprint/dprint/releases/assets/333853232"

[tools."github:dprint/dprint"."platforms.macos-x64"]
checksum = "sha256:d7afcb650f4a6e7d60dc46924dede9a44f276a4f044600de7babad67c0479876"
url = "https://github.com/dprint/dprint/releases/download/0.51.1/dprint-x86_64-apple-darwin.zip"
url_api = "https://api.github.com/repos/dprint/dprint/releases/assets/333853233"

[tools."github:dprint/dprint"."platforms.windows-x64"]
checksum = "sha256:e3f6604c7fec54cc737e2be215e467d194d912141de7b9569436503c6edd2195"
url = "https://github.com/dprint/dprint/releases/download/0.51.1/dprint-x86_64-pc-windows-msvc.zip"
url_api = "https://api.github.com/repos/dprint/dprint/releases/assets/333853235"

[[tools."github:jqlang/jq"]]
version = "jq-1.8.1"
backend = "github:jqlang/jq"

[tools."github:jqlang/jq"."platforms.linux-arm64"]
checksum = "sha256:6bc62f25981328edd3cfcfe6fe51b073f2d7e7710d7ef7fcdac28d4e384fc3d4"
url = "https://github.com/jqlang/jq/releases/download/jq-1.8.1/jq-linux-arm64"
url_api = "https://api.github.com/repos/jqlang/jq/releases/assets/268981481"
provenance = "github-attestations"

[tools."github:jqlang/jq"."platforms.linux-arm64-musl"]
checksum = "sha256:6bc62f25981328edd3cfcfe6fe51b073f2d7e7710d7ef7fcdac28d4e384fc3d4"
url = "https://github.com/jqlang/jq/releases/download/jq-1.8.1/jq-linux-arm64"
url_api = "https://api.github.com/repos/jqlang/jq/releases/assets/268981481"
provenance = "github-attestations"

[tools."github:jqlang/jq"."platforms.linux-x64"]
checksum = "sha256:020468de7539ce70ef1bceaf7cde2e8c4f2ca6c3afb84642aabc5c97d9fc2a0d"
url = "https://github.com/jqlang/jq/releases/download/jq-1.8.1/jq-linux-amd64"
url_api = "https://api.github.com/repos/jqlang/jq/releases/assets/268981484"
provenance = "github-attestations"

[tools."github:jqlang/jq"."platforms.linux-x64-musl"]
checksum = "sha256:020468de7539ce70ef1bceaf7cde2e8c4f2ca6c3afb84642aabc5c97d9fc2a0d"
url = "https://github.com/jqlang/jq/releases/download/jq-1.8.1/jq-linux-amd64"
url_api = "https://api.github.com/repos/jqlang/jq/releases/assets/268981484"
provenance = "github-attestations"

[tools."github:jqlang/jq"."platforms.macos-arm64"]
checksum = "sha256:a9fe3ea2f86dfc72f6728417521ec9067b343277152b114f4e98d8cb0e263603"
url = "https://github.com/jqlang/jq/releases/download/jq-1.8.1/jq-macos-arm64"
url_api = "https://api.github.com/repos/jqlang/jq/releases/assets/268981506"
provenance = "github-attestations"

[tools."github:jqlang/jq"."platforms.macos-x64"]
checksum = "sha256:e80dbe0d2a2597e3c11c404f03337b981d74b4a8504b70586c354b7697a7c27f"
url = "https://github.com/jqlang/jq/releases/download/jq-1.8.1/jq-osx-amd64"
url_api = "https://api.github.com/repos/jqlang/jq/releases/assets/268981507"
provenance = "github-attestations"

[tools."github:jqlang/jq"."platforms.windows-x64"]
checksum = "sha256:23cb60a1354eed6bcc8d9b9735e8c7b388cd1fdcb75726b93bc299ef22dd9334"
url = "https://github.com/jqlang/jq/releases/download/jq-1.8.1/jq-windows-amd64.exe"
url_api = "https://api.github.com/repos/jqlang/jq/releases/assets/268981509"
provenance = "github-attestations"

[[tools."github:kubernetes/minikube"]]
version = "1.38.1"
backend = "github:kubernetes/minikube"

[tools."github:kubernetes/minikube"."platforms.linux-arm64"]
checksum = "sha256:63e030e50a5ff6c7c2a0dbf41a004cd99a50a45b70408eec2aadb39c811c6ed8"
url = "https://github.com/kubernetes/minikube/releases/download/v1.38.1/minikube-linux-arm64.tar.gz"
url_api = "https://api.github.com/repos/kubernetes/minikube/releases/assets/358743933"

[tools."github:kubernetes/minikube"."platforms.linux-arm64-musl"]
checksum = "sha256:63e030e50a5ff6c7c2a0dbf41a004cd99a50a45b70408eec2aadb39c811c6ed8"
url = "https://github.com/kubernetes/minikube/releases/download/v1.38.1/minikube-linux-arm64.tar.gz"
url_api = "https://api.github.com/repos/kubernetes/minikube/releases/assets/358743933"

[tools."github:kubernetes/minikube"."platforms.linux-x64"]
checksum = "sha256:4ef8e04d2678ebc8b74c42cf538ca9df5c10dd42d7050d428352f555bc9c6479"
url = "https://github.com/kubernetes/minikube/releases/download/v1.38.1/minikube-linux-amd64.tar.gz"
url_api = "https://api.github.com/repos/kubernetes/minikube/releases/assets/358742047"

[tools."github:kubernetes/minikube"."platforms.linux-x64-musl"]
checksum = "sha256:4ef8e04d2678ebc8b74c42cf538ca9df5c10dd42d7050d428352f555bc9c6479"
url = "https://github.com/kubernetes/minikube/releases/download/v1.38.1/minikube-linux-amd64.tar.gz"
url_api = "https://api.github.com/repos/kubernetes/minikube/releases/assets/358742047"

[tools."github:kubernetes/minikube"."platforms.macos-arm64"]
checksum = "sha256:fc524f257cef1fc09a50701bb9309c7ae44c0aa7994c4fc0808a232f8c100528"
url = "https://github.com/kubernetes/minikube/releases/download/v1.38.1/minikube-darwin-arm64.tar.gz"
url_api = "https://api.github.com/repos/kubernetes/minikube/releases/assets/358743720"

[tools."github:kubernetes/minikube"."platforms.macos-x64"]
checksum = "sha256:a1316d1a550b4f25c3a0d828539998a4824612be982e957a556f48a36f980187"
url = "https://github.com/kubernetes/minikube/releases/download/v1.38.1/minikube-darwin-amd64.tar.gz"
url_api = "https://api.github.com/repos/kubernetes/minikube/releases/assets/358743674"

[tools."github:kubernetes/minikube"."platforms.windows-x64"]
checksum = "sha256:eb196db9eb9f682275a335eed242753cda76516be4aaf7f9372f58863ff3587a"
url = "https://github.com/kubernetes/minikube/releases/download/v1.38.1/minikube-windows-amd64.tar.gz"
url_api = "https://api.github.com/repos/kubernetes/minikube/releases/assets/358742759"

[[tools."github:planetscale/cli"]]
version = "0.284.0"
backend = "github:planetscale/cli"

[tools."github:planetscale/cli"."platforms.linux-arm64"]
checksum = "sha256:f7dff7bd54cdbafdf3e9260ff9565913828fb114e8454cba75a1bbca8821950e"
url = "https://github.com/planetscale/cli/releases/download/v0.284.0/pscale_0.284.0_linux_arm64.tar.gz"
url_api = "https://api.github.com/repos/planetscale/cli/releases/assets/424448026"

[tools."github:planetscale/cli"."platforms.linux-arm64-musl"]
checksum = "sha256:f7dff7bd54cdbafdf3e9260ff9565913828fb114e8454cba75a1bbca8821950e"
url = "https://github.com/planetscale/cli/releases/download/v0.284.0/pscale_0.284.0_linux_arm64.tar.gz"
url_api = "https://api.github.com/repos/planetscale/cli/releases/assets/424448026"

[tools."github:planetscale/cli"."platforms.linux-x64"]
checksum = "sha256:08887fcf97cc19557c93467587c10daf55b5f0780305752abed8782a7e3515e8"
url = "https://github.com/planetscale/cli/releases/download/v0.284.0/pscale_0.284.0_linux_amd64.tar.gz"
url_api = "https://api.github.com/repos/planetscale/cli/releases/assets/424448030"

[tools."github:planetscale/cli"."platforms.linux-x64-musl"]
checksum = "sha256:08887fcf97cc19557c93467587c10daf55b5f0780305752abed8782a7e3515e8"
url = "https://github.com/planetscale/cli/releases/download/v0.284.0/pscale_0.284.0_linux_amd64.tar.gz"
url_api = "https://api.github.com/repos/planetscale/cli/releases/assets/424448030"

[tools."github:planetscale/cli"."platforms.macos-arm64"]
checksum = "sha256:c3af3ebb91d5e394c43805daafb5c4e159f9604086239f53bca9b64712bc2a48"
url = "https://github.com/planetscale/cli/releases/download/v0.284.0/pscale_0.284.0_macOS_arm64.tar.gz"
url_api = "https://api.github.com/repos/planetscale/cli/releases/assets/424448011"

[tools."github:planetscale/cli"."platforms.macos-x64"]
checksum = "sha256:c05b9dd5039c0edee8e1b3c938d0e82e313073f0be33138a2c062107c718d28b"
url = "https://github.com/planetscale/cli/releases/download/v0.284.0/pscale_0.284.0_macOS_amd64.tar.gz"
url_api = "https://api.github.com/repos/planetscale/cli/releases/assets/424448013"

[tools."github:planetscale/cli"."platforms.windows-x64"]
checksum = "sha256:339707071180099a0bfc42bd4faaa9f7618d20be10ce450f77f9e59a257b228d"
url = "https://github.com/planetscale/cli/releases/download/v0.284.0/pscale_0.284.0_windows_amd64.zip"
url_api = "https://api.github.com/repos/planetscale/cli/releases/assets/424448028"

[[tools."github:pnpm/pnpm"]]
version = "11.5.0"
backend = "github:pnpm/pnpm"

[tools."github:pnpm/pnpm"."platforms.linux-arm64"]
checksum = "sha256:f817841be043e2be465cb8b8c7ddd19dcedf3120214783dc473a6da7f8c84da9"
url = "https://github.com/pnpm/pnpm/releases/download/v11.5.0/pnpm-linux-arm64.tar.gz"
url_api = "https://api.github.com/repos/pnpm/pnpm/releases/assets/433138832"
provenance = "github-attestations"

[tools."github:pnpm/pnpm"."platforms.linux-arm64-musl"]
checksum = "sha256:6733e0f4295a09e3465224639d212cb0c01cc438e3db1b2e47d61e49fd3f4d0a"
url = "https://github.com/pnpm/pnpm/releases/download/v11.5.0/pnpm-linux-arm64-musl.tar.gz"
url_api = "https://api.github.com/repos/pnpm/pnpm/releases/assets/433138833"
provenance = "github-attestations"

[tools."github:pnpm/pnpm"."platforms.linux-x64"]
checksum = "sha256:d45c4338299cae5b7fcaf5e95294643edb10de98258fc0b1d566ffa00b0c353c"
url = "https://github.com/pnpm/pnpm/releases/download/v11.5.0/pnpm-linux-x64.tar.gz"
url_api = "https://api.github.com/repos/pnpm/pnpm/releases/assets/433138834"
provenance = "github-attestations"

[tools."github:pnpm/pnpm"."platforms.linux-x64-musl"]
checksum = "sha256:f114fa068bb5b45472e3389b19722feb9cb47b72ca656fb5a5cbb7d5fbb7ed06"
url = "https://github.com/pnpm/pnpm/releases/download/v11.5.0/pnpm-linux-x64-musl.tar.gz"
url_api = "https://api.github.com/repos/pnpm/pnpm/releases/assets/433138828"
provenance = "github-attestations"

[tools."github:pnpm/pnpm"."platforms.macos-arm64"]
checksum = "sha256:966f2ed3587457e1135b7102569b08f21c717f49d5676d63f9435bac9682c45b"
url = "https://github.com/pnpm/pnpm/releases/download/v11.5.0/pnpm-darwin-arm64.tar.gz"
url_api = "https://api.github.com/repos/pnpm/pnpm/releases/assets/433138829"
provenance = "github-attestations"

[tools."github:pnpm/pnpm"."platforms.macos-x64"]
checksum = "sha256:5d175516d2339edb40c6d6fd496a41c39b6ed4cfdb1d9002999603db92b5505d"
url = "https://github.com/pnpm/pnpm/releases/download/v11.5.0/source-maps.tgz"
url_api = "https://api.github.com/repos/pnpm/pnpm/releases/assets/433138831"
provenance = "github-attestations"

[tools."github:pnpm/pnpm"."platforms.windows-x64"]
checksum = "sha256:f85f5c399caa41e2fbce8a2127b69ea4d2ab9b45296756a557b26110d01dcefd"
url = "https://github.com/pnpm/pnpm/releases/download/v11.5.0/pnpm-win32-x64.zip"
url_api = "https://api.github.com/repos/pnpm/pnpm/releases/assets/433138830"
provenance = "github-attestations"

[[tools."github:speakeasy-api/speakeasy"]]
version = "1.783.1"
backend = "github:speakeasy-api/speakeasy"

[tools."github:speakeasy-api/speakeasy"."platforms.linux-arm64"]
checksum = "sha256:545506c2167d29cdb4abe8af5647a403e1a6216bb2fdb01eb4980598be1e8285"
url = "https://github.com/speakeasy-api/speakeasy/releases/download/v1.783.1/speakeasy_linux_arm64.zip"
url_api = "https://api.github.com/repos/speakeasy-api/speakeasy/releases/assets/450931224"

[tools."github:speakeasy-api/speakeasy"."platforms.linux-arm64-musl"]
checksum = "sha256:545506c2167d29cdb4abe8af5647a403e1a6216bb2fdb01eb4980598be1e8285"
url = "https://github.com/speakeasy-api/speakeasy/releases/download/v1.783.1/speakeasy_linux_arm64.zip"
url_api = "https://api.github.com/repos/speakeasy-api/speakeasy/releases/assets/450931224"

[tools."github:speakeasy-api/speakeasy"."platforms.linux-x64"]
checksum = "sha256:701713432ad93cb3686ed6a614e049ba7ba431feabe773bb0d9346dad1b2a3a9"
url = "https://github.com/speakeasy-api/speakeasy/releases/download/v1.783.1/speakeasy_linux_amd64.zip"
url_api = "https://api.github.com/repos/speakeasy-api/speakeasy/releases/assets/450931227"

[tools."github:speakeasy-api/speakeasy"."platforms.linux-x64-musl"]
checksum = "sha256:701713432ad93cb3686ed6a614e049ba7ba431feabe773bb0d9346dad1b2a3a9"
url = "https://github.com/speakeasy-api/speakeasy/releases/download/v1.783.1/speakeasy_linux_amd64.zip"
url_api = "https://api.github.com/repos/speakeasy-api/speakeasy/releases/assets/450931227"

[tools."github:speakeasy-api/speakeasy"."platforms.macos-arm64"]
checksum = "sha256:ca84e65f2e59d283d63872fdd42daf25867de24a47ef44b421e1696543ef7c30"
url = "https://github.com/speakeasy-api/speakeasy/releases/download/v1.783.1/speakeasy_darwin_arm64.zip"
url_api = "https://api.github.com/repos/speakeasy-api/speakeasy/releases/assets/450931229"

[tools."github:speakeasy-api/speakeasy"."platforms.macos-x64"]
checksum = "sha256:edc9679f5d7709d8ad829f69b349d551ac9c749426df3fc480f1dd2b6aa26528"
url = "https://github.com/speakeasy-api/speakeasy/releases/download/v1.783.1/speakeasy_darwin_amd64.zip"
url_api = "https://api.github.com/repos/speakeasy-api/speakeasy/releases/assets/450931222"

[[tools."github:tilt-dev/ctlptl"]]
version = "0.9.3"
backend = "github:tilt-dev/ctlptl"

[tools."github:tilt-dev/ctlptl"."platforms.linux-arm64"]
checksum = "sha256:0361e76d6bdf55b58d8f8a6115d5fec5f74d0e375cac35fdef4cbd8b49c541a1"
url = "https://github.com/tilt-dev/ctlptl/releases/download/v0.9.3/ctlptl.0.9.3.linux.arm64.tar.gz"
url_api = "https://api.github.com/repos/tilt-dev/ctlptl/releases/assets/403693800"

[tools."github:tilt-dev/ctlptl"."platforms.linux-arm64-musl"]
checksum = "sha256:0361e76d6bdf55b58d8f8a6115d5fec5f74d0e375cac35fdef4cbd8b49c541a1"
url = "https://github.com/tilt-dev/ctlptl/releases/download/v0.9.3/ctlptl.0.9.3.linux.arm64.tar.gz"
url_api = "https://api.github.com/repos/tilt-dev/ctlptl/releases/assets/403693800"

[tools."github:tilt-dev/ctlptl"."platforms.linux-x64"]
checksum = "sha256:c5130e27e367750f7d813558720921391233c98f35d6c3221793890b872769db"
url = "https://github.com/tilt-dev/ctlptl/releases/download/v0.9.3/ctlptl.0.9.3.linux.x86_64.tar.gz"
url_api = "https://api.github.com/repos/tilt-dev/ctlptl/releases/assets/403693796"

[tools."github:tilt-dev/ctlptl"."platforms.linux-x64-musl"]
checksum = "sha256:c5130e27e367750f7d813558720921391233c98f35d6c3221793890b872769db"
url = "https://github.com/tilt-dev/ctlptl/releases/download/v0.9.3/ctlptl.0.9.3.linux.x86_64.tar.gz"
url_api = "https://api.github.com/repos/tilt-dev/ctlptl/releases/assets/403693796"

[tools."github:tilt-dev/ctlptl"."platforms.macos-arm64"]
checksum = "sha256:ca047959bdad2cdc225879b26ae1b4be6c608053712587f1f5a53bb4cbd79f32"
url = "https://github.com/tilt-dev/ctlptl/releases/download/v0.9.3/ctlptl.0.9.3.mac.arm64.tar.gz"
url_api = "https://api.github.com/repos/tilt-dev/ctlptl/releases/assets/403693818"

[tools."github:tilt-dev/ctlptl"."platforms.macos-x64"]
checksum = "sha256:68761b8768b4cddb849790ca320a3e99e2b470af86e1828392966944cdeaed74"
url = "https://github.com/tilt-dev/ctlptl/releases/download/v0.9.3/ctlptl.0.9.3.mac.x86_64.tar.gz"
url_api = "https://api.github.com/repos/tilt-dev/ctlptl/releases/assets/403693807"

[tools."github:tilt-dev/ctlptl"."platforms.windows-x64"]
checksum = "sha256:846c019df0437ab2565c416d22bd4557f805ffff26f924ce3bd63c731b36270e"
url = "https://github.com/tilt-dev/ctlptl/releases/download/v0.9.3/ctlptl.0.9.3.windows.x86_64.zip"
url_api = "https://api.github.com/repos/tilt-dev/ctlptl/releases/assets/403693805"

[[tools."github:tilt-dev/tilt"]]
version = "0.37.3"
backend = "github:tilt-dev/tilt"

[tools."github:tilt-dev/tilt"."platforms.linux-arm64"]
checksum = "sha256:826f48198f368ef5edb684e9ae4c87ff76eca84c904f72b2376b29b93bffc019"
url = "https://github.com/tilt-dev/tilt/releases/download/v0.37.3/tilt.0.37.3.linux.arm64.tar.gz"
url_api = "https://api.github.com/repos/tilt-dev/tilt/releases/assets/409071130"

[tools."github:tilt-dev/tilt"."platforms.linux-arm64-musl"]
checksum = "sha256:826f48198f368ef5edb684e9ae4c87ff76eca84c904f72b2376b29b93bffc019"
url = "https://github.com/tilt-dev/tilt/releases/download/v0.37.3/tilt.0.37.3.linux.arm64.tar.gz"
url_api = "https://api.github.com/repos/tilt-dev/tilt/releases/assets/409071130"

[tools."github:tilt-dev/tilt"."platforms.linux-x64"]
checksum = "sha256:e90bc6cf70882bc7579d8174a27cab2de0284612ec7339e4b32f669cd5de4e5c"
url = "https://github.com/tilt-dev/tilt/releases/download/v0.37.3/tilt.0.37.3.linux.x86_64.tar.gz"
url_api = "https://api.github.com/repos/tilt-dev/tilt/releases/assets/409071128"

[tools."github:tilt-dev/tilt"."platforms.linux-x64-musl"]
checksum = "sha256:e90bc6cf70882bc7579d8174a27cab2de0284612ec7339e4b32f669cd5de4e5c"
url = "https://github.com/tilt-dev/tilt/releases/download/v0.37.3/tilt.0.37.3.linux.x86_64.tar.gz"
url_api = "https://api.github.com/repos/tilt-dev/tilt/releases/assets/409071128"

[tools."github:tilt-dev/tilt"."platforms.macos-arm64"]
checksum = "sha256:4d1f4e604aa5ca65a2df0d19c9e9b351cf9703be886f52fa5f3afd317d968ffd"
url = "https://github.com/tilt-dev/tilt/releases/download/v0.37.3/tilt.0.37.3.mac.arm64.tar.gz"
url_api = "https://api.github.com/repos/tilt-dev/tilt/releases/assets/409071155"

[tools."github:tilt-dev/tilt"."platforms.macos-x64"]
checksum = "sha256:c8e2b58fb7efdec9ae7e3fc4249b4f662dc6520eabe8efcac84b80856f20d31b"
url = "https://github.com/tilt-dev/tilt/releases/download/v0.37.3/tilt.0.37.3.mac.x86_64.tar.gz"
url_api = "https://api.github.com/repos/tilt-dev/tilt/releases/assets/409071150"

[tools."github:tilt-dev/tilt"."platforms.windows-x64"]
checksum = "sha256:9e6cf1696618397a43fc4c80627d42a1ef65937a863ac1a57aa8cf78e077409e"
url = "https://github.com/tilt-dev/tilt/releases/download/v0.37.3/tilt.0.37.3.windows.x86_64.zip"
url_api = "https://api.github.com/repos/tilt-dev/tilt/releases/assets/409071129"

[[tools.go]]
version = "1.25.1"
backend = "core:go"

[tools.go."platforms.linux-arm64"]
checksum = "sha256:65a3e34fb2126f55b34e1edfc709121660e1be2dee6bdf405fc399a63a95a87d"
url = "https://dl.google.com/go/go1.25.1.linux-arm64.tar.gz"

[tools.go."platforms.linux-arm64-musl"]
checksum = "sha256:65a3e34fb2126f55b34e1edfc709121660e1be2dee6bdf405fc399a63a95a87d"
url = "https://dl.google.com/go/go1.25.1.linux-arm64.tar.gz"

[tools.go."platforms.linux-x64"]
checksum = "sha256:7716a0d940a0f6ae8e1f3b3f4f36299dc53e31b16840dbd171254312c41ca12e"
url = "https://dl.google.com/go/go1.25.1.linux-amd64.tar.gz"

[tools.go."platforms.linux-x64-musl"]
checksum = "sha256:7716a0d940a0f6ae8e1f3b3f4f36299dc53e31b16840dbd171254312c41ca12e"
url = "https://dl.google.com/go/go1.25.1.linux-amd64.tar.gz"

[tools.go."platforms.macos-arm64"]
checksum = "sha256:68deebb214f39d542e518ebb0598a406ab1b5a22bba8ec9ade9f55fb4dd94a6c"
url = "https://dl.google.com/go/go1.25.1.darwin-arm64.tar.gz"

[tools.go."platforms.macos-x64"]
checksum = "sha256:1d622468f767a1b9fe1e1e67bd6ce6744d04e0c68712adc689748bbeccb126bb"
url = "https://dl.google.com/go/go1.25.1.darwin-amd64.tar.gz"

[tools.go."platforms.windows-x64"]
checksum = "sha256:4a974de310e7ee1d523d2fcedb114ba5fa75408c98eb3652023e55ccf3fa7cab"
url = "https://dl.google.com/go/go1.25.1.windows-amd64.zip"

[[tools."http:helm"]]
version = "3.21.0"
backend = "http:helm"

[tools."http:helm"."platforms.linux-arm64"]
checksum = "sha256:8de5a0c9a47431e59fd560e91e0779c8cf9316c383da7efb84128a4c339ecb2d"
url = "https://get.helm.sh/helm-v3.21.0-linux-arm64.tar.gz"

[tools."http:helm"."platforms.linux-arm64-musl"]
checksum = "sha256:8de5a0c9a47431e59fd560e91e0779c8cf9316c383da7efb84128a4c339ecb2d"
url = "https://get.helm.sh/helm-v3.21.0-linux-arm64.tar.gz"

[tools."http:helm"."platforms.linux-x64"]
checksum = "sha256:0093eb572e3d2380f094df162ddb525e219249de88957afe24cfbb19632acd36"
url = "https://get.helm.sh/helm-v3.21.0-linux-amd64.tar.gz"

[tools."http:helm"."platforms.linux-x64-musl"]
checksum = "sha256:0093eb572e3d2380f094df162ddb525e219249de88957afe24cfbb19632acd36"
url = "https://get.helm.sh/helm-v3.21.0-linux-amd64.tar.gz"

[tools."http:helm"."platforms.macos-arm64"]
checksum = "sha256:68bfbdc022c543a2a022597b20298216877e98abe6e4a345d3ecf114d79cae5f"
url = "https://get.helm.sh/helm-v3.21.0-darwin-arm64.tar.gz"

[tools."http:helm"."platforms.macos-x64"]
checksum = "sha256:8bc0c1f85f8738cc3cda4a2cc73047145bcdcb1f4d9cdcc29073037bfb22fa2e"
url = "https://get.helm.sh/helm-v3.21.0-darwin-amd64.tar.gz"

[tools."http:helm"."platforms.windows-x64"]
checksum = "sha256:3ea6b8383e6c0b7ce45d06a5746313b8e9225edd88d42f4f64582ff3792d7b55"
url = "https://get.helm.sh/helm-v3.21.0-windows-amd64.zip"

[[tools."http:kubectl"]]
version = "1.34.8"
backend = "http:kubectl"

[tools."http:kubectl"."platforms.linux-arm64"]
checksum = "sha256:4c9fe1f717738950c638c38056130a8db5075e6413ae36d8687221a240cdf88b"
url = "https://dl.k8s.io/release/v1.34.8/bin/linux/arm64/kubectl"

[tools."http:kubectl"."platforms.linux-arm64-musl"]
checksum = "sha256:4c9fe1f717738950c638c38056130a8db5075e6413ae36d8687221a240cdf88b"
url = "https://dl.k8s.io/release/v1.34.8/bin/linux/arm64/kubectl"

[tools."http:kubectl"."platforms.linux-x64"]
checksum = "sha256:f6249132865c13abe3c9dd5038f5da65849cb86eee1608c001831504e481aa8c"
url = "https://dl.k8s.io/release/v1.34.8/bin/linux/amd64/kubectl"

[tools."http:kubectl"."platforms.linux-x64-musl"]
checksum = "sha256:f6249132865c13abe3c9dd5038f5da65849cb86eee1608c001831504e481aa8c"
url = "https://dl.k8s.io/release/v1.34.8/bin/linux/amd64/kubectl"

[tools."http:kubectl"."platforms.macos-arm64"]
checksum = "sha256:173e101c8f9f195ea16771a1262313ea4c916d4d517f72902b0afd57f61c1917"
url = "https://dl.k8s.io/release/v1.34.8/bin/darwin/arm64/kubectl"

[tools."http:kubectl"."platforms.macos-x64"]
checksum = "sha256:149be66a64b26c59a7bf5037a895b8ecb244d8224d84f533584457355a44520b"
url = "https://dl.k8s.io/release/v1.34.8/bin/darwin/amd64/kubectl"

[tools."http:kubectl"."platforms.windows-x64"]
checksum = "sha256:35bc3cb7050f6d39436e6c486c65e2d2d6198988b10c5e76b58b8c929373a7fa"
url = "https://dl.k8s.io/release/v1.34.8/bin/windows/amd64/kubectl.exe"

[[tools."http:ngrok"]]
version = "3.39.4"
backend = "http:ngrok"

[tools."http:ngrok"."platforms.linux-arm64"]
checksum = "sha256:35446330929a79dc8bc755009cd54a29e2107781fec4f3c3f7f693bfe1ca64fe"
url = "https://bin.equinox.io/a/iX6VpNRLBbs/ngrok-v3-3.39.4-linux-arm64.tar.gz"

[tools."http:ngrok"."platforms.linux-arm64-musl"]
checksum = "sha256:35446330929a79dc8bc755009cd54a29e2107781fec4f3c3f7f693bfe1ca64fe"
url = "https://bin.equinox.io/a/iX6VpNRLBbs/ngrok-v3-3.39.4-linux-arm64.tar.gz"

[tools."http:ngrok"."platforms.linux-x64"]
checksum = "sha256:0efbc8c7aa02dec9cde9883b940ef0c69afce39305545d74cde2ff2e01170871"
url = "https://bin.equinox.io/a/rXi2K8HzgJ/ngrok-v3-3.39.4-linux-amd64.tar.gz"

[tools."http:ngrok"."platforms.linux-x64-musl"]
checksum = "sha256:0efbc8c7aa02dec9cde9883b940ef0c69afce39305545d74cde2ff2e01170871"
url = "https://bin.equinox.io/a/rXi2K8HzgJ/ngrok-v3-3.39.4-linux-amd64.tar.gz"

[tools."http:ngrok"."platforms.macos-arm64"]
checksum = "sha256:ab3823f8aa9442ea6499c95290fc96da52824827f10253a5d1632e257beba518"
url = "https://bin.equinox.io/a/koVh3r9rKG7/ngrok-v3-3.39.4-darwin-arm64.zip"

[tools."http:ngrok"."platforms.macos-x64"]
checksum = "sha256:4d6191e76fcdeaf743fdb43e87bca0e507a88d04f93a0ca4e6ded81893d2b85c"
url = "https://bin.equinox.io/a/dVNWNC8tgwQ/ngrok-v3-3.39.4-darwin-amd64.zip"

[tools."http:ngrok"."platforms.windows-x64"]
checksum = "sha256:9028276a33809a94fcf46a35733a21f013a6cc3b4a155ee849563af65dc118f2"
url = "https://bin.equinox.io/a/gK2xcZtiEuC/ngrok-v3-3.39.4-windows-amd64.zip"

[[tools.node]]
version = "24.16.0"
backend = "core:node"

[tools.node."platforms.linux-arm64"]
checksum = "sha256:589f5b6dd4fcfee4dfda73013903c966abaa8abd93dbc9d436544e472b4f0e74"
url = "https://nodejs.org/dist/v24.16.0/node-v24.16.0-linux-arm64.tar.gz"

[tools.node."platforms.linux-arm64-musl"]
checksum = "sha256:85dde27aa73503b03dadfa0410a800067b4e3f702fb7fcaa3beaf284dfcc69e9"
url = "https://unofficial-builds.nodejs.org/download/release/v24.16.0/node-v24.16.0-linux-arm64-musl.tar.gz"

[tools.node."platforms.linux-x64"]
checksum = "sha256:2faf6a387e9b62b888e21c54f01249fb27537ffecf1842f29f4c919d0a59a0ff"
url = "https://nodejs.org/dist/v24.16.0/node-v24.16.0-linux-x64.tar.gz"

[tools.node."platforms.linux-x64-musl"]
checksum = "sha256:50df5d8d474892d4f7b906167df36f77f5b93908f63dc532dc568219cab65841"
url = "https://unofficial-builds.nodejs.org/download/release/v24.16.0/node-v24.16.0-linux-x64-musl.tar.gz"

[tools.node."platforms.macos-arm64"]
checksum = "sha256:39189dab4eeb15706c424af0ac08a3044c9e48f7db12a7d77f6b7aafc7dd5df6"
url = "https://nodejs.org/dist/v24.16.0/node-v24.16.0-darwin-arm64.tar.gz"

[tools.node."platforms.macos-x64"]
checksum = "sha256:298b4c7b3cb80765c8703e42b90324a4ece3b6634947b89e769c3c980ab55185"
url = "https://nodejs.org/dist/v24.16.0/node-v24.16.0-darwin-x64.tar.gz"

[tools.node."platforms.windows-x64"]
checksum = "sha256:edaca9bd58ec8e92037dac4e877d52f6b8f430b81c18b57e264b4e2fb111cd56"
url = "https://nodejs.org/dist/v24.16.0/node-v24.16.0-win-x64.zip"
