# Generated by buf. DO NOT EDIT.
version: v1
deps:
  - remote: buf.build
    owner: bufbuild
    repository: protovalidate
    commit: 0de7443d03cf41228f8a9790b12b417e
    digest: shake256:3c0676a73cef06439c107cb9560627354815adbc254976f807d645de7e2c1bf19d0438d5d56d5bc92465377e0d9315951e986fc6ced2871e450534b2b8c953b0
